
Microsoft Visual Studio Solution File, Format Version 12.00
# Visual Studio Version 16
VisualStudioVersion = 16.0.29806.167
MinimumVisualStudioVersion = 10.0.40219.1
Project("{888888A0-9F3D-457C-B088-3A5042F75D52}") = "DjangoWebProject5", "DjangoWebProject5.pyproj", "{514DCA69-17FF-4330-AB21-FD2C2DC37FB7}"
EndProject
Global
	GlobalSection(SolutionConfigurationPlatforms) = preSolution
		Debug|Any CPU = Debug|Any CPU
		Release|Any CPU = Release|Any CPU
	EndGlobalSection
	GlobalSection(ProjectConfigurationPlatforms) = postSolution
		{514DCA69-17FF-4330-AB21-FD2C2DC37FB7}.Debug|Any CPU.ActiveCfg = Debug|Any CPU
		{514DCA69-17FF-4330-AB21-FD2C2DC37FB7}.Debug|Any CPU.Build.0 = Debug|Any CPU
		{514DCA69-17FF-4330-AB21-FD2C2DC37FB7}.Release|Any CPU.ActiveCfg = Release|Any CPU
		{514DCA69-17FF-4330-AB21-FD2C2DC37FB7}.Release|Any CPU.Build.0 = Release|Any CPU
	EndGlobalSection
	GlobalSection(SolutionProperties) = preSolution
		HideSolutionNode = FALSE
	EndGlobalSection
	GlobalSection(ExtensibilityGlobals) = postSolution
		SolutionGuid = {43A05FB6-ACAB-414F-BFD1-CA85A02EE40D}
	EndGlobalSection
EndGlobal
